
Microsoft Visual Studio Solution File, Format Version 12.00
# Visual Studio Version 17
VisualStudioVersion = 17.0.31903.59
MinimumVisualStudioVersion = 10.0.40219.1
Project("{FAE04EC0-301F-11D3-BF4B-00C04F79EFBC}") = "FunctionAppNet6", "FunctionAppNet6\FunctionAppNet6.csproj", "{68F91AB9-0A4A-4EBC-9528-00BEDBEC337F}"
EndProject
Project("{FAE04EC0-301F-11D3-BF4B-00C04F79EFBC}") = "FunctionAppNet7", "FunctionAppNet7\FunctionAppNet7.csproj", "{A093D179-3D86-4E75-986B-20BDD445879F}"
EndProject
Global
	GlobalSection(SolutionConfigurationPlatforms) = preSolution
		Debug|Any CPU = Debug|Any CPU
		Release|Any CPU = Release|Any CPU
	EndGlobalSection
	GlobalSection(ProjectConfigurationPlatforms) = postSolution
		{68F91AB9-0A4A-4EBC-9528-00BEDBEC337F}.Debug|Any CPU.ActiveCfg = Debug|Any CPU
		{68F91AB9-0A4A-4EBC-9528-00BEDBEC337F}.Debug|Any CPU.Build.0 = Debug|Any CPU
		{68F91AB9-0A4A-4EBC-9528-00BEDBEC337F}.Release|Any CPU.ActiveCfg = Release|Any CPU
		{68F91AB9-0A4A-4EBC-9528-00BEDBEC337F}.Release|Any CPU.Build.0 = Release|Any CPU
		{A093D179-3D86-4E75-986B-20BDD445879F}.Debug|Any CPU.ActiveCfg = Debug|Any CPU
		{A093D179-3D86-4E75-986B-20BDD445879F}.Debug|Any CPU.Build.0 = Debug|Any CPU
		{A093D179-3D86-4E75-986B-20BDD445879F}.Release|Any CPU.ActiveCfg = Release|Any CPU
		{A093D179-3D86-4E75-986B-20BDD445879F}.Release|Any CPU.Build.0 = Release|Any CPU
	EndGlobalSection
	GlobalSection(SolutionProperties) = preSolution
		HideSolutionNode = FALSE
	EndGlobalSection
	GlobalSection(ExtensibilityGlobals) = postSolution
		SolutionGuid = {BC881F2E-4AE8-4FE4-ACEE-10F124C72E21}
	EndGlobalSection
EndGlobal
